// !$*UTF8*$!
{
	archiveVersion = 1;
	classes = {
	};
	objectVersion = 50;
	objects = {

/* Begin PBXBuildFile section */
		CB39BF9725B31949000A93E9 /* Concentration.swift in Sources */ = {isa = PBXBuildFile; fileRef = CB39BF9625B31949000A93E9 /* Concentration.swift */; };
		CB39BF9C25B31CD1000A93E9 /* Card.swift in Sources */ = {isa = PBXBuildFile; fileRef = CB39BF9B25B31CD1000A93E9 /* Card.swift */; };
		CBA37DEF25B0DB3B00123108 /* AppDelegate.swift in Sources */ = {isa = PBXBuildFile; fileRef = CBA37DEE25B0DB3B00123108 /* AppDelegate.swift */; };
		CBA37DF125B0DB3B00123108 /* SceneDelegate.swift in Sources */ = {isa = PBXBuildFile; fileRef = CBA37DF025B0DB3B00123108 /* SceneDelegate.swift */; };
		CBA37DF325B0DB3B00123108 /* ViewController.swift in Sources */ = {isa = PBXBuildFile; fileRef = CBA37DF225B0DB3B00123108 /* ViewController.swift */; };
		CBA37DF625B0DB3B00123108 /* Main.storyboard in Resources */ = {isa = PBXBuildFile; fileRef = CBA37DF425B0DB3B00123108 /* Main.storyboard */; };
		CBA37DF825B0DB3C00123108 /* Assets.xcassets in Resources */ = {isa = PBXBuildFile; fileRef = CBA37DF725B0DB3C00123108 /* Assets.xcassets */; };
		CBA37DFB25B0DB3C00123108 /* LaunchScreen.storyboard in Resources */ = {isa = PBXBuildFile; fileRef = CBA37DF925B0DB3C00123108 /* LaunchScreen.storyboard */; };
/* End PBXBuildFile section */

/* Begin PBXFileReference section */
		CB39BF9625B31949000A93E9 /* Concentration.swift */ = {isa = PBXFileReference; lastKnownFileType = sourcecode.swift; path = Concentration.swift; sourceTree = "<group>"; };
		CB39BF9B25B31CD1000A93E9 /* Card.swift */ = {isa = PBXFileReference; lastKnownFileType = sourcecode.swift; path = Card.swift; sourceTree = "<group>"; };
		CBA37DEB25B0DB3B00123108 /* Concentration.app */ = {isa = PBXFileReference; explicitFileType = wrapper.application; includeInIndex = 0; path = Concentration.app; sourceTree = BUILT_PRODUCTS_DIR; };
		CBA37DEE25B0DB3B00123108 /* AppDelegate.swift */ = {isa = PBXFileReference; lastKnownFileType = sourcecode.swift; path = AppDelegate.swift; sourceTree = "<group>"; };
		CBA37DF025B0DB3B00123108 /* SceneDelegate.swift */ = {isa = PBXFileReference; lastKnownFileType = sourcecode.swift; path = SceneDelegate.swift; sourceTree = "<group>"; };
		CBA37DF225B0DB3B00123108 /* ViewController.swift */ = {isa = PBXFileReference; lastKnownFileType = sourcecode.swift; path = ViewController.swift; sourceTree = "<group>"; };
		CBA37DF525B0DB3B00123108 /* Base */ = {isa = PBXFileReference; lastKnownFileType = file.storyboard; name = Base; path = Base.lproj/Main.storyboard; sourceTree = "<group>"; };
		CBA37DF725B0DB3C00123108 /* Assets.xcassets */ = {isa = PBXFileReference; lastKnownFileType = folder.assetcatalog; path = Assets.xcassets; sourceTree = "<group>"; };
		CBA37DFA25B0DB3C00123108 /* Base */ = {isa = PBXFileReference; lastKnownFileType = file.storyboard; name = Base; path = Base.lproj/LaunchScreen.storyboard; sourceTree = "<group>"; };
		CBA37DFC25B0DB3C00123108 /* Info.plist */ = {isa = PBXFileReference; lastKnownFileType = text.plist.xml; path = Info.plist; sourceTree = "<group>"; };
/* End PBXFileReference section */

/* Begin PBXFrameworksBuildPhase section */
		CBA37DE825B0DB3B00123108 /* Frameworks */ = {
			isa = PBXFrameworksBuildPhase;
			buildActionMask = 2147483647;
			files = (
			);
			runOnlyForDeploymentPostprocessing = 0;
		};
/* End PBXFrameworksBuildPhase section */

/* Begin PBXGroup section */
		CB39BF9325B3191A000A93E9 /* View */ = {
			isa = PBXGroup;
			children = (
				CBA37DF425B0DB3B00123108 /* Main.storyboard */,
			);
			path = View;
			sourceTree = "<group>";
		};
		CB39BF9425B31925000A93E9 /* Controller */ = {
			isa = PBXGroup;
			children = (
				CBA37DF225B0DB3B00123108 /* ViewController.swift */,
			);
			path = Controller;
			sourceTree = "<group>";
		};
		CB39BF9925B31950000A93E9 /* Model */ = {
			isa = PBXGroup;
			children = (
				CB39BF9625B31949000A93E9 /* Concentration.swift */,
				CB39BF9B25B31CD1000A93E9 /* Card.swift */,
			);
			path = Model;
			sourceTree = "<group>";
		};
		CBA37DE225B0DB3B00123108 = {
			isa = PBXGroup;
			children = (
				CBA37DED25B0DB3B00123108 /* Concentration */,
				CBA37DEC25B0DB3B00123108 /* Products */,
			);
			sourceTree = "<group>";
		};
		CBA37DEC25B0DB3B00123108 /* Products */ = {
			isa = PBXGroup;
			children = (
				CBA37DEB25B0DB3B00123108 /* Concentration.app */,
			);
			name = Products;
			sourceTree = "<group>";
		};
		CBA37DED25B0DB3B00123108 /* Concentration */ = {
			isa = PBXGroup;
			children = (
				CBA37E0425B0E23000123108 /* Supporting Files */,
				CB39BF9925B31950000A93E9 /* Model */,
				CB39BF9325B3191A000A93E9 /* View */,
				CB39BF9425B31925000A93E9 /* Controller */,
				CBA37DFC25B0DB3C00123108 /* Info.plist */,
			);
			path = Concentration;
			sourceTree = "<group>";
		};
		CBA37E0425B0E23000123108 /* Supporting Files */ = {
			isa = PBXGroup;
			children = (
				CBA37DEE25B0DB3B00123108 /* AppDelegate.swift */,
				CBA37DF025B0DB3B00123108 /* SceneDelegate.swift */,
				CBA37DF725B0DB3C00123108 /* Assets.xcassets */,
				CBA37DF925B0DB3C00123108 /* LaunchScreen.storyboard */,
			);
			path = "Supporting Files";
			sourceTree = "<group>";
		};
/* End PBXGroup section */

/* Begin PBXNativeTarget section */
		CBA37DEA25B0DB3B00123108 /* Concentration */ = {
			isa = PBXNativeTarget;
			buildConfigurationList = CBA37DFF25B0DB3C00123108 /* Build configuration list for PBXNativeTarget "Concentration" */;
			buildPhases = (
				CBA37DE725B0DB3B00123108 /* Sources */,
				CBA37DE825B0DB3B00123108 /* Frameworks */,
				CBA37DE925B0DB3B00123108 /* Resources */,
			);
			buildRules = (
			);
			dependencies = (
			);
			name = Concentration;
			productName = Concentration;
			productReference = CBA37DEB25B0DB3B00123108 /* Concentration.app */;
			productType = "com.apple.product-type.application";
		};
/* End PBXNativeTarget section */

/* Begin PBXProject section */
		CBA37DE325B0DB3B00123108 /* Project object */ = {
			isa = PBXProject;
			attributes = {
				LastSwiftUpdateCheck = 1230;
				LastUpgradeCheck = 1230;
				TargetAttributes = {
					CBA37DEA25B0DB3B00123108 = {
						CreatedOnToolsVersion = 12.3;
					};
				};
			};
			buildConfigurationList = CBA37DE625B0DB3B00123108 /* Build configuration list for PBXProject "Concentration" */;
			compatibilityVersion = "Xcode 9.3";
			developmentRegion = en;
			hasScannedForEncodings = 0;
			knownRegions = (
				en,
				Base,
			);
			mainGroup = CBA37DE225B0DB3B00123108;
			productRefGroup = CBA37DEC25B0DB3B00123108 /* Products */;
			projectDirPath = "";
			projectRoot = "";
			targets = (
				CBA37DEA25B0DB3B00123108 /* Concentration */,
			);
		};
/* End PBXProject section */

/* Begin PBXResourcesBuildPhase section */
		CBA37DE925B0DB3B00123108 /* Resources */ = {
			isa = PBXResourcesBuildPhase;
			buildActionMask = 2147483647;
			files = (
				CBA37DFB25B0DB3C00123108 /* LaunchScreen.storyboard in Resources */,
				CBA37DF825B0DB3C00123108 /* Assets.xcassets in Resources */,
				CBA37DF625B0DB3B00123108 /* Main.storyboard in Resources */,
			);
			runOnlyForDeploymentPostprocessing = 0;
		};
/* End PBXResourcesBuildPhase section */

/* Begin PBXSourcesBuildPhase section */
		CBA37DE725B0DB3B00123108 /* Sources */ = {
			isa = PBXSourcesBuildPhase;
			buildActionMask = 2147483647;
			files = (
				CBA37DF325B0DB3B00123108 /* ViewController.swift in Sources */,
				CB39BF9725B31949000A93E9 /* Concentration.swift in Sources */,
				CB39BF9C25B31CD1000A93E9 /* Card.swift in Sources */,
				CBA37DEF25B0DB3B00123108 /* AppDelegate.swift in Sources */,
				CBA37DF125B0DB3B00123108 /* SceneDelegate.swift in Sources */,
			);
			runOnlyForDeploymentPostprocessing = 0;
		};
/* End PBXSourcesBuildPhase section */

/* Begin PBXVariantGroup section */
		CBA37DF425B0DB3B00123108 /* Main.storyboard */ = {
			isa = PBXVariantGroup;
			children = (
				CBA37DF525B0DB3B00123108 /* Base */,
			);
			name = Main.storyboard;
			sourceTree = "<group>";
		};
		CBA37DF925B0DB3C00123108 /* LaunchScreen.storyboard */ = {
			isa = PBXVariantGroup;
			children = (
				CBA37DFA25B0DB3C00123108 /* Base */,
			);
			name = LaunchScreen.storyboard;
			sourceTree = "<group>";
		};
/* End PBXVariantGroup section */

/* Begin XCBuildConfiguration section */
		CBA37DFD25B0DB3C00123108 /* Debug */ = {
			isa = XCBuildConfiguration;
			buildSettings = {
				ALWAYS_SEARCH_USER_PATHS = NO;
				CLANG_ANALYZER_NONNULL = YES;
				CLANG_ANALYZER_NUMBER_OBJECT_CONVERSION = YES_AGGRESSIVE;
				CLANG_CXX_LANGUAGE_STANDARD = "gnu++14";
				CLANG_CXX_LIBRARY = "libc++";
				CLANG_ENABLE_MODULES = YES;
				CLANG_ENABLE_OBJC_ARC = YES;
				CLANG_ENABLE_OBJC_WEAK = YES;
				CLANG_WARN_BLOCK_CAPTURE_AUTORELEASING = YES;
				CLANG_WARN_BOOL_CONVERSION = YES;
				CLANG_WARN_COMMA = YES;
				CLANG_WARN_CONSTANT_CONVERSION = YES;
				CLANG_WARN_DEPRECATED_OBJC_IMPLEMENTATIONS = YES;
				CLANG_WARN_DIRECT_OBJC_ISA_USAGE = YES_ERROR;
				CLANG_WARN_DOCUMENTATION_COMMENTS = YES;
				CLANG_WARN_EMPTY_BODY = YES;
				CLANG_WARN_ENUM_CONVERSION = YES;
				CLANG_WARN_INFINITE_RECURSION = YES;
				CLANG_WARN_INT_CONVERSION = YES;
				CLANG_WARN_NON_LITERAL_NULL_CONVERSION = YES;
				CLANG_WARN_OBJC_IMPLICIT_RETAIN_SELF = YES;
				CLANG_WARN_OBJC_LITERAL_CONVERSION = YES;
				CLANG_WARN_OBJC_ROOT_CLASS = YES_ERROR;
				CLANG_WARN_QUOTED_INCLUDE_IN_FRAMEWORK_HEADER = YES;
				CLANG_WARN_RANGE_LOOP_ANALYSIS = YES;
				CLANG_WARN_STRICT_PROTOTYPES = YES;
				CLANG_WARN_SUSPICIOUS_MOVE = YES;
				CLANG_WARN_UNGUARDED_AVAILABILITY = YES_AGGRESSIVE;
				CLANG_WARN_UNREACHABLE_CODE = YES;
				CLANG_WARN__DUPLICATE_METHOD_MATCH = YES;
				COPY_PHASE_STRIP = NO;
				DEBUG_INFORMATION_FORMAT = dwarf;
				ENABLE_STRICT_OBJC_MSGSEND = YES;
				ENABLE_TESTABILITY = YES;
				GCC_C_LANGUAGE_STANDARD = gnu11;
				GCC_DYNAMIC_NO_PIC = NO;
				GCC_NO_COMMON_BLOCKS = YES;
				GCC_OPTIMIZATION_LEVEL = 0;
				GCC_PREPROCESSOR_DEFINITIONS = (
					"DEBUG=1",
					"$(inherited)",
				);
				GCC_WARN_64_TO_32_BIT_CONVERSION = YES;
				GCC_WARN_ABOUT_RETURN_TYPE = YES_ERROR;
				GCC_WARN_UNDECLARED_SELECTOR = YES;
				GCC_WARN_UNINITIALIZED_AUTOS = YES_AGGRESSIVE;
				GCC_WARN_UNUSED_FUNCTION = YES;
				GCC_WARN_UNUSED_VARIABLE = YES;
				IPHONEOS_DEPLOYMENT_TARGET = 14.3;
				MTL_ENABLE_DEBUG_INFO = INCLUDE_SOURCE;
				MTL_FAST_MATH = YES;
				ONLY_ACTIVE_ARCH = YES;
				SDKROOT = iphoneos;
				SWIFT_ACTIVE_COMPILATION_CONDITIONS = DEBUG;
				SWIFT_OPTIMIZATION_LEVEL = "-Onone";
			};
			name = Debug;
		};
		CBA37DFE25B0DB3C00123108 /* Release */ = {
			isa = XCBuildConfiguration;
			buildSettings = {
				ALWAYS_SEARCH_USER_PATHS = NO;
				CLANG_ANALYZER_NONNULL = YES;
				CLANG_ANALYZER_NUMBER_OBJECT_CONVERSION = YES_AGGRESSIVE;
				CLANG_CXX_LANGUAGE_STANDARD = "gnu++14";
				CLANG_CXX_LIBRARY = "libc++";
				CLANG_ENABLE_MODULES = YES;
				CLANG_ENABLE_OBJC_ARC = YES;
				CLANG_ENABLE_OBJC_WEAK = YES;
				CLANG_WARN_BLOCK_CAPTURE_AUTORELEASING = YES;
				CLANG_WARN_BOOL_CONVERSION = YES;
				CLANG_WARN_COMMA = YES;
				CLANG_WARN_CONSTANT_CONVERSION = YES;
				CLANG_WARN_DEPRECATED_OBJC_IMPLEMENTATIONS = YES;
				CLANG_WARN_DIRECT_OBJC_ISA_USAGE = YES_ERROR;
				CLANG_WARN_DOCUMENTATION_COMMENTS = YES;
				CLANG_WARN_EMPTY_BODY = YES;
				CLANG_WARN_ENUM_CONVERSION = YES;
				CLANG_WARN_INFINITE_RECURSION = YES;
				CLANG_WARN_INT_CONVERSION = YES;
				CLANG_WARN_NON_LITERAL_NULL_CONVERSION = YES;
				CLANG_WARN_OBJC_IMPLICIT_RETAIN_SELF = YES;
				CLANG_WARN_OBJC_LITERAL_CONVERSION = YES;
				CLANG_WARN_OBJC_ROOT_CLASS = YES_ERROR;
				CLANG_WARN_QUOTED_INCLUDE_IN_FRAMEWORK_HEADER = YES;
				CLANG_WARN_RANGE_LOOP_ANALYSIS = YES;
				CLANG_WARN_STRICT_PROTOTYPES = YES;
				CLANG_WARN_SUSPICIOUS_MOVE = YES;
				CLANG_WARN_UNGUARDED_AVAILABILITY = YES_AGGRESSIVE;
				CLANG_WARN_UNREACHABLE_CODE = YES;
				CLANG_WARN__DUPLICATE_METHOD_MATCH = YES;
				COPY_PHASE_STRIP = NO;
				DEBUG_INFORMATION_FORMAT = "dwarf-with-dsym";
				ENABLE_NS_ASSERTIONS = NO;
				ENABLE_STRICT_OBJC_MSGSEND = YES;
				GCC_C_LANGUAGE_STANDARD = gnu11;
				GCC_NO_COMMON_BLOCKS = YES;
				GCC_WARN_64_TO_32_BIT_CONVERSION = YES;
				GCC_WARN_ABOUT_RETURN_TYPE = YES_ERROR;
				GCC_WARN_UNDECLARED_SELECTOR = YES;
				GCC_WARN_UNINITIALIZED_AUTOS = YES_AGGRESSIVE;
				GCC_WARN_UNUSED_FUNCTION = YES;
				GCC_WARN_UNUSED_VARIABLE = YES;
				IPHONEOS_DEPLOYMENT_TARGET = 14.3;
				MTL_ENABLE_DEBUG_INFO = NO;
				MTL_FAST_MATH = YES;
				SDKROOT = iphoneos;
				SWIFT_COMPILATION_MODE = wholemodule;
				SWIFT_OPTIMIZATION_LEVEL = "-O";
				VALIDATE_PRODUCT = YES;
			};
			name = Release;
		};
		CBA37E0025B0DB3C00123108 /* Debug */ = {
			isa = XCBuildConfiguration;
			buildSettings = {
				ASSETCATALOG_COMPILER_GLOBAL_ACCENT_COLOR_NAME = AccentColor;
				CODE_SIGN_STYLE = Automatic;
				INFOPLIST_FILE = Concentration/Info.plist;
				LD_RUNPATH_SEARCH_PATHS = (
					"$(inherited)",
					"@executable_path/Frameworks",
				);
				PRODUCT_BUNDLE_IDENTIFIER = SFA.Concentration;
				PRODUCT_NAME = "$(TARGET_NAME)";
				SWIFT_VERSION = 5.0;
				TARGETED_DEVICE_FAMILY = "1,2";
			};
			name = Debug;
		};
		CBA37E0125B0DB3C00123108 /* Release */ = {
			isa = XCBuildConfiguration;
			buildSettings = {
				ASSETCATALOG_COMPILER_GLOBAL_ACCENT_COLOR_NAME = AccentColor;
				CODE_SIGN_STYLE = Automatic;
				INFOPLIST_FILE = Concentration/Info.plist;
				LD_RUNPATH_SEARCH_PATHS = (
					"$(inherited)",
					"@executable_path/Frameworks",
				);
				PRODUCT_BUNDLE_IDENTIFIER = SFA.Concentration;
				PRODUCT_NAME = "$(TARGET_NAME)";
				SWIFT_VERSION = 5.0;
				TARGETED_DEVICE_FAMILY = "1,2";
			};
			name = Release;
		};
/* End XCBuildConfiguration section */

/* Begin XCConfigurationList section */
		CBA37DE625B0DB3B00123108 /* Build configuration list for PBXProject "Concentration" */ = {
			isa = XCConfigurationList;
			buildConfigurations = (
				CBA37DFD25B0DB3C00123108 /* Debug */,
				CBA37DFE25B0DB3C00123108 /* Release */,
			);
			defaultConfigurationIsVisible = 0;
			defaultConfigurationName = Release;
		};
		CBA37DFF25B0DB3C00123108 /* Build configuration list for PBXNativeTarget "Concentration" */ = {
			isa = XCConfigurationList;
			buildConfigurations = (
				CBA37E0025B0DB3C00123108 /* Debug */,
				CBA37E0125B0DB3C00123108 /* Release */,
			);
			defaultConfigurationIsVisible = 0;
			defaultConfigurationName = Release;
		};
/* End XCConfigurationList section */
	};
	rootObject = CBA37DE325B0DB3B00123108 /* Project object */;
}
