// !$*UTF8*$!
{
	archiveVersion = 1;
	classes = {
	};
	objectVersion = 50;
	objects = {

/* Begin PBXBuildFile section */
		CB0FADE125B75EFB00A1C2E0 /* Card.swift in Sources */ = {isa = PBXBuildFile; fileRef = CB0FADE025B75EFB00A1C2E0 /* Card.swift */; };
		CB0FADE425B75F1500A1C2E0 /* SetGame.swift in Sources */ = {isa = PBXBuildFile; fileRef = CB0FADE325B75F1500A1C2E0 /* SetGame.swift */; };
		CB94597825B4C97C000D993C /* AppDelegate.swift in Sources */ = {isa = PBXBuildFile; fileRef = CB94597725B4C97C000D993C /* AppDelegate.swift */; };
		CB94597A25B4C97C000D993C /* SceneDelegate.swift in Sources */ = {isa = PBXBuildFile; fileRef = CB94597925B4C97C000D993C /* SceneDelegate.swift */; };
		CB94597C25B4C97C000D993C /* ViewController.swift in Sources */ = {isa = PBXBuildFile; fileRef = CB94597B25B4C97C000D993C /* ViewController.swift */; };
		CB94597F25B4C97C000D993C /* Main.storyboard in Resources */ = {isa = PBXBuildFile; fileRef = CB94597D25B4C97C000D993C /* Main.storyboard */; };
		CB94598125B4C97C000D993C /* Assets.xcassets in Resources */ = {isa = PBXBuildFile; fileRef = CB94598025B4C97C000D993C /* Assets.xcassets */; };
		CB94598425B4C97C000D993C /* LaunchScreen.storyboard in Resources */ = {isa = PBXBuildFile; fileRef = CB94598225B4C97C000D993C /* LaunchScreen.storyboard */; };
/* End PBXBuildFile section */

/* Begin PBXFileReference section */
		CB0FADE025B75EFB00A1C2E0 /* Card.swift */ = {isa = PBXFileReference; lastKnownFileType = sourcecode.swift; path = Card.swift; sourceTree = "<group>"; };
		CB0FADE325B75F1500A1C2E0 /* SetGame.swift */ = {isa = PBXFileReference; lastKnownFileType = sourcecode.swift; path = SetGame.swift; sourceTree = "<group>"; };
		CB94597425B4C97C000D993C /* SetGame.app */ = {isa = PBXFileReference; explicitFileType = wrapper.application; includeInIndex = 0; path = SetGame.app; sourceTree = BUILT_PRODUCTS_DIR; };
		CB94597725B4C97C000D993C /* AppDelegate.swift */ = {isa = PBXFileReference; lastKnownFileType = sourcecode.swift; path = AppDelegate.swift; sourceTree = "<group>"; };
		CB94597925B4C97C000D993C /* SceneDelegate.swift */ = {isa = PBXFileReference; lastKnownFileType = sourcecode.swift; path = SceneDelegate.swift; sourceTree = "<group>"; };
		CB94597B25B4C97C000D993C /* ViewController.swift */ = {isa = PBXFileReference; lastKnownFileType = sourcecode.swift; path = ViewController.swift; sourceTree = "<group>"; };
		CB94597E25B4C97C000D993C /* Base */ = {isa = PBXFileReference; lastKnownFileType = file.storyboard; name = Base; path = Base.lproj/Main.storyboard; sourceTree = "<group>"; };
		CB94598025B4C97C000D993C /* Assets.xcassets */ = {isa = PBXFileReference; lastKnownFileType = folder.assetcatalog; path = Assets.xcassets; sourceTree = "<group>"; };
		CB94598325B4C97C000D993C /* Base */ = {isa = PBXFileReference; lastKnownFileType = file.storyboard; name = Base; path = Base.lproj/LaunchScreen.storyboard; sourceTree = "<group>"; };
		CB94598525B4C97C000D993C /* Info.plist */ = {isa = PBXFileReference; lastKnownFileType = text.plist.xml; path = Info.plist; sourceTree = "<group>"; };
/* End PBXFileReference section */

/* Begin PBXFrameworksBuildPhase section */
		CB94597125B4C97C000D993C /* Frameworks */ = {
			isa = PBXFrameworksBuildPhase;
			buildActionMask = 2147483647;
			files = (
			);
			runOnlyForDeploymentPostprocessing = 0;
		};
/* End PBXFrameworksBuildPhase section */

/* Begin PBXGroup section */
		CB0FADDB25B75E9F00A1C2E0 /* Supporting files */ = {
			isa = PBXGroup;
			children = (
				CB94597725B4C97C000D993C /* AppDelegate.swift */,
				CB94597925B4C97C000D993C /* SceneDelegate.swift */,
				CB94598025B4C97C000D993C /* Assets.xcassets */,
				CB94598225B4C97C000D993C /* LaunchScreen.storyboard */,
			);
			path = "Supporting files";
			sourceTree = "<group>";
		};
		CB0FADDC25B75EB000A1C2E0 /* Controllers */ = {
			isa = PBXGroup;
			children = (
				CB94597B25B4C97C000D993C /* ViewController.swift */,
			);
			path = Controllers;
			sourceTree = "<group>";
		};
		CB0FADDE25B75EBD00A1C2E0 /* Views */ = {
			isa = PBXGroup;
			children = (
				CB94597D25B4C97C000D993C /* Main.storyboard */,
			);
			path = Views;
			sourceTree = "<group>";
		};
		CB0FADDF25B75ECE00A1C2E0 /* Models */ = {
			isa = PBXGroup;
			children = (
				CB0FADE025B75EFB00A1C2E0 /* Card.swift */,
				CB0FADE325B75F1500A1C2E0 /* SetGame.swift */,
			);
			path = Models;
			sourceTree = "<group>";
		};
		CB94596B25B4C97C000D993C = {
			isa = PBXGroup;
			children = (
				CB94597625B4C97C000D993C /* SetGame */,
				CB94597525B4C97C000D993C /* Products */,
			);
			sourceTree = "<group>";
		};
		CB94597525B4C97C000D993C /* Products */ = {
			isa = PBXGroup;
			children = (
				CB94597425B4C97C000D993C /* SetGame.app */,
			);
			name = Products;
			sourceTree = "<group>";
		};
		CB94597625B4C97C000D993C /* SetGame */ = {
			isa = PBXGroup;
			children = (
				CB0FADDB25B75E9F00A1C2E0 /* Supporting files */,
				CB0FADDF25B75ECE00A1C2E0 /* Models */,
				CB0FADDE25B75EBD00A1C2E0 /* Views */,
				CB0FADDC25B75EB000A1C2E0 /* Controllers */,
				CB94598525B4C97C000D993C /* Info.plist */,
			);
			path = SetGame;
			sourceTree = "<group>";
		};
/* End PBXGroup section */

/* Begin PBXNativeTarget section */
		CB94597325B4C97C000D993C /* SetGame */ = {
			isa = PBXNativeTarget;
			buildConfigurationList = CB94598825B4C97C000D993C /* Build configuration list for PBXNativeTarget "SetGame" */;
			buildPhases = (
				CB94597025B4C97C000D993C /* Sources */,
				CB94597125B4C97C000D993C /* Frameworks */,
				CB94597225B4C97C000D993C /* Resources */,
			);
			buildRules = (
			);
			dependencies = (
			);
			name = SetGame;
			productName = SetGame;
			productReference = CB94597425B4C97C000D993C /* SetGame.app */;
			productType = "com.apple.product-type.application";
		};
/* End PBXNativeTarget section */

/* Begin PBXProject section */
		CB94596C25B4C97C000D993C /* Project object */ = {
			isa = PBXProject;
			attributes = {
				LastSwiftUpdateCheck = 1230;
				LastUpgradeCheck = 1230;
				TargetAttributes = {
					CB94597325B4C97C000D993C = {
						CreatedOnToolsVersion = 12.3;
					};
				};
			};
			buildConfigurationList = CB94596F25B4C97C000D993C /* Build configuration list for PBXProject "SetGame" */;
			compatibilityVersion = "Xcode 9.3";
			developmentRegion = en;
			hasScannedForEncodings = 0;
			knownRegions = (
				en,
				Base,
			);
			mainGroup = CB94596B25B4C97C000D993C;
			productRefGroup = CB94597525B4C97C000D993C /* Products */;
			projectDirPath = "";
			projectRoot = "";
			targets = (
				CB94597325B4C97C000D993C /* SetGame */,
			);
		};
/* End PBXProject section */

/* Begin PBXResourcesBuildPhase section */
		CB94597225B4C97C000D993C /* Resources */ = {
			isa = PBXResourcesBuildPhase;
			buildActionMask = 2147483647;
			files = (
				CB94598425B4C97C000D993C /* LaunchScreen.storyboard in Resources */,
				CB94598125B4C97C000D993C /* Assets.xcassets in Resources */,
				CB94597F25B4C97C000D993C /* Main.storyboard in Resources */,
			);
			runOnlyForDeploymentPostprocessing = 0;
		};
/* End PBXResourcesBuildPhase section */

/* Begin PBXSourcesBuildPhase section */
		CB94597025B4C97C000D993C /* Sources */ = {
			isa = PBXSourcesBuildPhase;
			buildActionMask = 2147483647;
			files = (
				CB94597C25B4C97C000D993C /* ViewController.swift in Sources */,
				CB94597825B4C97C000D993C /* AppDelegate.swift in Sources */,
				CB0FADE425B75F1500A1C2E0 /* SetGame.swift in Sources */,
				CB94597A25B4C97C000D993C /* SceneDelegate.swift in Sources */,
				CB0FADE125B75EFB00A1C2E0 /* Card.swift in Sources */,
			);
			runOnlyForDeploymentPostprocessing = 0;
		};
/* End PBXSourcesBuildPhase section */

/* Begin PBXVariantGroup section */
		CB94597D25B4C97C000D993C /* Main.storyboard */ = {
			isa = PBXVariantGroup;
			children = (
				CB94597E25B4C97C000D993C /* Base */,
			);
			name = Main.storyboard;
			sourceTree = "<group>";
		};
		CB94598225B4C97C000D993C /* LaunchScreen.storyboard */ = {
			isa = PBXVariantGroup;
			children = (
				CB94598325B4C97C000D993C /* Base */,
			);
			name = LaunchScreen.storyboard;
			sourceTree = "<group>";
		};
/* End PBXVariantGroup section */

/* Begin XCBuildConfiguration section */
		CB94598625B4C97C000D993C /* Debug */ = {
			isa = XCBuildConfiguration;
			buildSettings = {
				ALWAYS_SEARCH_USER_PATHS = NO;
				CLANG_ANALYZER_NONNULL = YES;
				CLANG_ANALYZER_NUMBER_OBJECT_CONVERSION = YES_AGGRESSIVE;
				CLANG_CXX_LANGUAGE_STANDARD = "gnu++14";
				CLANG_CXX_LIBRARY = "libc++";
				CLANG_ENABLE_MODULES = YES;
				CLANG_ENABLE_OBJC_ARC = YES;
				CLANG_ENABLE_OBJC_WEAK = YES;
				CLANG_WARN_BLOCK_CAPTURE_AUTORELEASING = YES;
				CLANG_WARN_BOOL_CONVERSION = YES;
				CLANG_WARN_COMMA = YES;
				CLANG_WARN_CONSTANT_CONVERSION = YES;
				CLANG_WARN_DEPRECATED_OBJC_IMPLEMENTATIONS = YES;
				CLANG_WARN_DIRECT_OBJC_ISA_USAGE = YES_ERROR;
				CLANG_WARN_DOCUMENTATION_COMMENTS = YES;
				CLANG_WARN_EMPTY_BODY = YES;
				CLANG_WARN_ENUM_CONVERSION = YES;
				CLANG_WARN_INFINITE_RECURSION = YES;
				CLANG_WARN_INT_CONVERSION = YES;
				CLANG_WARN_NON_LITERAL_NULL_CONVERSION = YES;
				CLANG_WARN_OBJC_IMPLICIT_RETAIN_SELF = YES;
				CLANG_WARN_OBJC_LITERAL_CONVERSION = YES;
				CLANG_WARN_OBJC_ROOT_CLASS = YES_ERROR;
				CLANG_WARN_QUOTED_INCLUDE_IN_FRAMEWORK_HEADER = YES;
				CLANG_WARN_RANGE_LOOP_ANALYSIS = YES;
				CLANG_WARN_STRICT_PROTOTYPES = YES;
				CLANG_WARN_SUSPICIOUS_MOVE = YES;
				CLANG_WARN_UNGUARDED_AVAILABILITY = YES_AGGRESSIVE;
				CLANG_WARN_UNREACHABLE_CODE = YES;
				CLANG_WARN__DUPLICATE_METHOD_MATCH = YES;
				COPY_PHASE_STRIP = NO;
				DEBUG_INFORMATION_FORMAT = dwarf;
				ENABLE_STRICT_OBJC_MSGSEND = YES;
				ENABLE_TESTABILITY = YES;
				GCC_C_LANGUAGE_STANDARD = gnu11;
				GCC_DYNAMIC_NO_PIC = NO;
				GCC_NO_COMMON_BLOCKS = YES;
				GCC_OPTIMIZATION_LEVEL = 0;
				GCC_PREPROCESSOR_DEFINITIONS = (
					"DEBUG=1",
					"$(inherited)",
				);
				GCC_WARN_64_TO_32_BIT_CONVERSION = YES;
				GCC_WARN_ABOUT_RETURN_TYPE = YES_ERROR;
				GCC_WARN_UNDECLARED_SELECTOR = YES;
				GCC_WARN_UNINITIALIZED_AUTOS = YES_AGGRESSIVE;
				GCC_WARN_UNUSED_FUNCTION = YES;
				GCC_WARN_UNUSED_VARIABLE = YES;
				IPHONEOS_DEPLOYMENT_TARGET = 14.3;
				MTL_ENABLE_DEBUG_INFO = INCLUDE_SOURCE;
				MTL_FAST_MATH = YES;
				ONLY_ACTIVE_ARCH = YES;
				SDKROOT = iphoneos;
				SWIFT_ACTIVE_COMPILATION_CONDITIONS = DEBUG;
				SWIFT_OPTIMIZATION_LEVEL = "-Onone";
			};
			name = Debug;
		};
		CB94598725B4C97C000D993C /* Release */ = {
			isa = XCBuildConfiguration;
			buildSettings = {
				ALWAYS_SEARCH_USER_PATHS = NO;
				CLANG_ANALYZER_NONNULL = YES;
				CLANG_ANALYZER_NUMBER_OBJECT_CONVERSION = YES_AGGRESSIVE;
				CLANG_CXX_LANGUAGE_STANDARD = "gnu++14";
				CLANG_CXX_LIBRARY = "libc++";
				CLANG_ENABLE_MODULES = YES;
				CLANG_ENABLE_OBJC_ARC = YES;
				CLANG_ENABLE_OBJC_WEAK = YES;
				CLANG_WARN_BLOCK_CAPTURE_AUTORELEASING = YES;
				CLANG_WARN_BOOL_CONVERSION = YES;
				CLANG_WARN_COMMA = YES;
				CLANG_WARN_CONSTANT_CONVERSION = YES;
				CLANG_WARN_DEPRECATED_OBJC_IMPLEMENTATIONS = YES;
				CLANG_WARN_DIRECT_OBJC_ISA_USAGE = YES_ERROR;
				CLANG_WARN_DOCUMENTATION_COMMENTS = YES;
				CLANG_WARN_EMPTY_BODY = YES;
				CLANG_WARN_ENUM_CONVERSION = YES;
				CLANG_WARN_INFINITE_RECURSION = YES;
				CLANG_WARN_INT_CONVERSION = YES;
				CLANG_WARN_NON_LITERAL_NULL_CONVERSION = YES;
				CLANG_WARN_OBJC_IMPLICIT_RETAIN_SELF = YES;
				CLANG_WARN_OBJC_LITERAL_CONVERSION = YES;
				CLANG_WARN_OBJC_ROOT_CLASS = YES_ERROR;
				CLANG_WARN_QUOTED_INCLUDE_IN_FRAMEWORK_HEADER = YES;
				CLANG_WARN_RANGE_LOOP_ANALYSIS = YES;
				CLANG_WARN_STRICT_PROTOTYPES = YES;
				CLANG_WARN_SUSPICIOUS_MOVE = YES;
				CLANG_WARN_UNGUARDED_AVAILABILITY = YES_AGGRESSIVE;
				CLANG_WARN_UNREACHABLE_CODE = YES;
				CLANG_WARN__DUPLICATE_METHOD_MATCH = YES;
				COPY_PHASE_STRIP = NO;
				DEBUG_INFORMATION_FORMAT = "dwarf-with-dsym";
				ENABLE_NS_ASSERTIONS = NO;
				ENABLE_STRICT_OBJC_MSGSEND = YES;
				GCC_C_LANGUAGE_STANDARD = gnu11;
				GCC_NO_COMMON_BLOCKS = YES;
				GCC_WARN_64_TO_32_BIT_CONVERSION = YES;
				GCC_WARN_ABOUT_RETURN_TYPE = YES_ERROR;
				GCC_WARN_UNDECLARED_SELECTOR = YES;
				GCC_WARN_UNINITIALIZED_AUTOS = YES_AGGRESSIVE;
				GCC_WARN_UNUSED_FUNCTION = YES;
				GCC_WARN_UNUSED_VARIABLE = YES;
				IPHONEOS_DEPLOYMENT_TARGET = 14.3;
				MTL_ENABLE_DEBUG_INFO = NO;
				MTL_FAST_MATH = YES;
				SDKROOT = iphoneos;
				SWIFT_COMPILATION_MODE = wholemodule;
				SWIFT_OPTIMIZATION_LEVEL = "-O";
				VALIDATE_PRODUCT = YES;
			};
			name = Release;
		};
		CB94598925B4C97C000D993C /* Debug */ = {
			isa = XCBuildConfiguration;
			buildSettings = {
				ASSETCATALOG_COMPILER_APPICON_NAME = AppIcon;
				ASSETCATALOG_COMPILER_GLOBAL_ACCENT_COLOR_NAME = AccentColor;
				CODE_SIGN_STYLE = Automatic;
				INFOPLIST_FILE = SetGame/Info.plist;
				LD_RUNPATH_SEARCH_PATHS = (
					"$(inherited)",
					"@executable_path/Frameworks",
				);
				PRODUCT_BUNDLE_IDENTIFIER = SFA.SetGame;
				PRODUCT_NAME = "$(TARGET_NAME)";
				SWIFT_VERSION = 5.0;
				TARGETED_DEVICE_FAMILY = "1,2";
			};
			name = Debug;
		};
		CB94598A25B4C97C000D993C /* Release */ = {
			isa = XCBuildConfiguration;
			buildSettings = {
				ASSETCATALOG_COMPILER_APPICON_NAME = AppIcon;
				ASSETCATALOG_COMPILER_GLOBAL_ACCENT_COLOR_NAME = AccentColor;
				CODE_SIGN_STYLE = Automatic;
				INFOPLIST_FILE = SetGame/Info.plist;
				LD_RUNPATH_SEARCH_PATHS = (
					"$(inherited)",
					"@executable_path/Frameworks",
				);
				PRODUCT_BUNDLE_IDENTIFIER = SFA.SetGame;
				PRODUCT_NAME = "$(TARGET_NAME)";
				SWIFT_VERSION = 5.0;
				TARGETED_DEVICE_FAMILY = "1,2";
			};
			name = Release;
		};
/* End XCBuildConfiguration section */

/* Begin XCConfigurationList section */
		CB94596F25B4C97C000D993C /* Build configuration list for PBXProject "SetGame" */ = {
			isa = XCConfigurationList;
			buildConfigurations = (
				CB94598625B4C97C000D993C /* Debug */,
				CB94598725B4C97C000D993C /* Release */,
			);
			defaultConfigurationIsVisible = 0;
			defaultConfigurationName = Release;
		};
		CB94598825B4C97C000D993C /* Build configuration list for PBXNativeTarget "SetGame" */ = {
			isa = XCConfigurationList;
			buildConfigurations = (
				CB94598925B4C97C000D993C /* Debug */,
				CB94598A25B4C97C000D993C /* Release */,
			);
			defaultConfigurationIsVisible = 0;
			defaultConfigurationName = Release;
		};
/* End XCConfigurationList section */
	};
	rootObject = CB94596C25B4C97C000D993C /* Project object */;
}
